{
  "name": "gemini-ai-starter",
  "version": "1.0.0",
  "lockfileVersion": 3,
  "requires": true,
  "packages": {
    "": {
      "name": "gemini-ai-starter",
      "version": "1.0.0",
      "license": "ISC",
      "dependencies": {
        "@google/generative-ai": "^0.1.1",
        "dotenv": "^16.3.1"
      }
    },
    "node_modules/@google/generative-ai": {
      "version": "0.1.1",
      "resolved": "https://registry.npmjs.org/@google/generative-ai/-/generative-ai-0.1.1.tgz",
      "integrity": "sha512-cbzKa8mT9YkTrT4XUuENIuvlqiJjwDgcD2Ks4L99Az9dWLgdXn8xnETEAZLOpqzoGx+1PuATZqlUnVRAeLbMgA==",
      "engines": {
        "node": ">=18.0.0"
      }
    },
    "node_modules/dotenv": {
      "version": "16.3.1",
      "resolved": "https://registry.npmjs.org/dotenv/-/dotenv-16.3.1.tgz",
      "integrity": "sha512-IPzF4w4/Rd94bA9imS68tZBaYyBWSCE47V1RGuMrB94iyTOIEwRmVL2x/4An+6mETpLrKJ5hQkB8W4kFAadeIQ==",
      "engines": {
        "node": ">=12"
      },
      "funding": {
        "url": "https://github.com/motdotla/dotenv?sponsor=1"
      }
    }
  }
}
